
Microsoft Visual Studio Solution File, Format Version 12.00
Project("{FAE04EC0-301F-11D3-BF4B-00C04F79EFBC}") = "RiderBug.Demo", "RiderBug.Demo\RiderBug.Demo.csproj", "{3D042639-36AD-4B3A-814F-8C7F451EFC53}"
EndProject
Global
	GlobalSection(SolutionConfigurationPlatforms) = preSolution
		Debug|Any CPU = Debug|Any CPU
		Release|Any CPU = Release|Any CPU
	EndGlobalSection
	GlobalSection(ProjectConfigurationPlatforms) = postSolution
		{3D042639-36AD-4B3A-814F-8C7F451EFC53}.Debug|Any CPU.ActiveCfg = Debug|Any CPU
		{3D042639-36AD-4B3A-814F-8C7F451EFC53}.Debug|Any CPU.Build.0 = Debug|Any CPU
		{3D042639-36AD-4B3A-814F-8C7F451EFC53}.Release|Any CPU.ActiveCfg = Release|Any CPU
		{3D042639-36AD-4B3A-814F-8C7F451EFC53}.Release|Any CPU.Build.0 = Release|Any CPU
	EndGlobalSection
EndGlobal
